
Microsoft Visual Studio Solution File, Format Version 12.00
Project("{FAE04EC0-301F-11D3-BF4B-00C04F79EFBC}") = "apis", "apis\apis.csproj", "{B4F26749-5F1A-4367-A4E1-A3F9190119EB}"
EndProject
Project("{FAE04EC0-301F-11D3-BF4B-00C04F79EFBC}") = "services.users", "services.users\services.users.csproj", "{61EBE0A4-A8B3-40D3-AAB8-A47A1F5B98B7}"
EndProject
Project("{FAE04EC0-301F-11D3-BF4B-00C04F79EFBC}") = "orchestration", "orchestration\orchestration.csproj", "{0C9A7417-9CDF-4C66-8B3A-F7E973C4B5FD}"
EndProject
Project("{FAE04EC0-301F-11D3-BF4B-00C04F79EFBC}") = "services.quotes", "services.quotes\services.quotes.csproj", "{8A6D7C5F-4CDE-4159-BC12-DE88F3308C22}"
EndProject
Project("{FAE04EC0-301F-11D3-BF4B-00C04F79EFBC}") = "orchestration.backgroundServices", "orchestration.backgroundServices\orchestration.backgroundServices.csproj", "{00000000-0000-0000-0000-000000000000}"
EndProject
Project("{FAE04EC0-301F-11D3-BF4B-00C04F79EFBC}") = "services.notifications", "services.notifications\services.notifications.csproj", "{00000000-0000-0000-0000-000000000000}"
EndProject
Project("{FAE04EC0-301F-11D3-BF4B-00C04F79EFBC}") = "utilities", "utilities\utilities.csproj", "{8662C11D-FE1A-4F90-9482-5671AEB1BFCE}"
EndProject
Project("{FAE04EC0-301F-11D3-BF4B-00C04F79EFBC}") = "utilities.aws", "utilities.aws\utilities.aws.csproj", "{C9F0BA0D-E304-46C5-BBDB-AAA7CD41CFD0}"
EndProject
Project("{FAE04EC0-301F-11D3-BF4B-00C04F79EFBC}") = "tests", "tests\tests.csproj", "{682B8A30-C3F0-411F-BAA1-FB7E9BC5927A}"
EndProject
Global
	GlobalSection(SolutionConfigurationPlatforms) = preSolution
		Debug|Any CPU = Debug|Any CPU
		Release|Any CPU = Release|Any CPU
	EndGlobalSection
	GlobalSection(ProjectConfigurationPlatforms) = postSolution
		{B4F26749-5F1A-4367-A4E1-A3F9190119EB}.Debug|Any CPU.ActiveCfg = Debug|Any CPU
		{B4F26749-5F1A-4367-A4E1-A3F9190119EB}.Debug|Any CPU.Build.0 = Debug|Any CPU
		{B4F26749-5F1A-4367-A4E1-A3F9190119EB}.Release|Any CPU.ActiveCfg = Release|Any CPU
		{B4F26749-5F1A-4367-A4E1-A3F9190119EB}.Release|Any CPU.Build.0 = Release|Any CPU
		{61EBE0A4-A8B3-40D3-AAB8-A47A1F5B98B7}.Debug|Any CPU.ActiveCfg = Debug|Any CPU
		{61EBE0A4-A8B3-40D3-AAB8-A47A1F5B98B7}.Debug|Any CPU.Build.0 = Debug|Any CPU
		{61EBE0A4-A8B3-40D3-AAB8-A47A1F5B98B7}.Release|Any CPU.ActiveCfg = Release|Any CPU
		{61EBE0A4-A8B3-40D3-AAB8-A47A1F5B98B7}.Release|Any CPU.Build.0 = Release|Any CPU
		{0C9A7417-9CDF-4C66-8B3A-F7E973C4B5FD}.Debug|Any CPU.ActiveCfg = Debug|Any CPU
		{0C9A7417-9CDF-4C66-8B3A-F7E973C4B5FD}.Debug|Any CPU.Build.0 = Debug|Any CPU
		{0C9A7417-9CDF-4C66-8B3A-F7E973C4B5FD}.Release|Any CPU.ActiveCfg = Release|Any CPU
		{0C9A7417-9CDF-4C66-8B3A-F7E973C4B5FD}.Release|Any CPU.Build.0 = Release|Any CPU
		{8A6D7C5F-4CDE-4159-BC12-DE88F3308C22}.Debug|Any CPU.ActiveCfg = Debug|Any CPU
		{8A6D7C5F-4CDE-4159-BC12-DE88F3308C22}.Debug|Any CPU.Build.0 = Debug|Any CPU
		{8A6D7C5F-4CDE-4159-BC12-DE88F3308C22}.Release|Any CPU.ActiveCfg = Release|Any CPU
		{8A6D7C5F-4CDE-4159-BC12-DE88F3308C22}.Release|Any CPU.Build.0 = Release|Any CPU
		{8662C11D-FE1A-4F90-9482-5671AEB1BFCE}.Debug|Any CPU.ActiveCfg = Debug|Any CPU
		{8662C11D-FE1A-4F90-9482-5671AEB1BFCE}.Debug|Any CPU.Build.0 = Debug|Any CPU
		{8662C11D-FE1A-4F90-9482-5671AEB1BFCE}.Release|Any CPU.ActiveCfg = Release|Any CPU
		{8662C11D-FE1A-4F90-9482-5671AEB1BFCE}.Release|Any CPU.Build.0 = Release|Any CPU
		{C9F0BA0D-E304-46C5-BBDB-AAA7CD41CFD0}.Debug|Any CPU.ActiveCfg = Debug|Any CPU
		{C9F0BA0D-E304-46C5-BBDB-AAA7CD41CFD0}.Debug|Any CPU.Build.0 = Debug|Any CPU
		{C9F0BA0D-E304-46C5-BBDB-AAA7CD41CFD0}.Release|Any CPU.ActiveCfg = Release|Any CPU
		{C9F0BA0D-E304-46C5-BBDB-AAA7CD41CFD0}.Release|Any CPU.Build.0 = Release|Any CPU
		{682B8A30-C3F0-411F-BAA1-FB7E9BC5927A}.Debug|Any CPU.ActiveCfg = Debug|Any CPU
		{682B8A30-C3F0-411F-BAA1-FB7E9BC5927A}.Debug|Any CPU.Build.0 = Debug|Any CPU
		{682B8A30-C3F0-411F-BAA1-FB7E9BC5927A}.Release|Any CPU.ActiveCfg = Release|Any CPU
		{682B8A30-C3F0-411F-BAA1-FB7E9BC5927A}.Release|Any CPU.Build.0 = Release|Any CPU
	EndGlobalSection
EndGlobal
